
Microsoft Visual Studio Solution File, Format Version 12.00
# Visual Studio 2012
Project("{FAE04EC0-301F-11D3-BF4B-00C04F79EFBC}") = "BattlestarInvader", "BattlestarInvader\BattlestarInvader.csproj", "{2B9B193C-83FF-4A11-B030-F0E0C8C75E5D}"
EndProject
Project("{FAE04EC0-301F-11D3-BF4B-00C04F79EFBC}") = "Screen", "Screen\Screen.csproj", "{405F4762-B972-437C-9B95-6D6FFF5B9770}"
EndProject
Project("{FAE04EC0-301F-11D3-BF4B-00C04F79EFBC}") = "Battlestar", "Battlestar\Battlestar.csproj", "{E12643FF-D475-4199-B627-1131311C8B22}"
EndProject
Global
	GlobalSection(TeamFoundationVersionControl) = preSolution
		SccNumberOfProjects = 4
		SccEnterpriseProvider = {4CA58AB2-18FA-4F8D-95D4-32DDF27D184C}
		SccTeamFoundationServer = https://pewpewpew.visualstudio.com/defaultcollection
		SccLocalPath0 = .
		SccProjectUniqueName1 = BattlestarInvader\\BattlestarInvader.csproj
		SccProjectName1 = BattlestarInvader
		SccLocalPath1 = BattlestarInvader
		SccProjectUniqueName2 = Screen\\Screen.csproj
		SccProjectName2 = Screen
		SccLocalPath2 = Screen
		SccProjectUniqueName3 = Battlestar\\Battlestar.csproj
		SccProjectName3 = Battlestar
		SccLocalPath3 = Battlestar
	EndGlobalSection
	GlobalSection(SolutionConfigurationPlatforms) = preSolution
		Debug|Any CPU = Debug|Any CPU
		Debug|ARM = Debug|ARM
		Debug|x64 = Debug|x64
		Debug|x86 = Debug|x86
		Release|Any CPU = Release|Any CPU
		Release|ARM = Release|ARM
		Release|x64 = Release|x64
		Release|x86 = Release|x86
	EndGlobalSection
	GlobalSection(ProjectConfigurationPlatforms) = postSolution
		{2B9B193C-83FF-4A11-B030-F0E0C8C75E5D}.Debug|Any CPU.ActiveCfg = Debug|Any CPU
		{2B9B193C-83FF-4A11-B030-F0E0C8C75E5D}.Debug|Any CPU.Build.0 = Debug|Any CPU
		{2B9B193C-83FF-4A11-B030-F0E0C8C75E5D}.Debug|Any CPU.Deploy.0 = Debug|Any CPU
		{2B9B193C-83FF-4A11-B030-F0E0C8C75E5D}.Debug|ARM.ActiveCfg = Debug|ARM
		{2B9B193C-83FF-4A11-B030-F0E0C8C75E5D}.Debug|ARM.Build.0 = Debug|ARM
		{2B9B193C-83FF-4A11-B030-F0E0C8C75E5D}.Debug|ARM.Deploy.0 = Debug|ARM
		{2B9B193C-83FF-4A11-B030-F0E0C8C75E5D}.Debug|x64.ActiveCfg = Debug|x64
		{2B9B193C-83FF-4A11-B030-F0E0C8C75E5D}.Debug|x64.Build.0 = Debug|x64
		{2B9B193C-83FF-4A11-B030-F0E0C8C75E5D}.Debug|x64.Deploy.0 = Debug|x64
		{2B9B193C-83FF-4A11-B030-F0E0C8C75E5D}.Debug|x86.ActiveCfg = Debug|x86
		{2B9B193C-83FF-4A11-B030-F0E0C8C75E5D}.Debug|x86.Build.0 = Debug|x86
		{2B9B193C-83FF-4A11-B030-F0E0C8C75E5D}.Debug|x86.Deploy.0 = Debug|x86
		{2B9B193C-83FF-4A11-B030-F0E0C8C75E5D}.Release|Any CPU.ActiveCfg = Release|Any CPU
		{2B9B193C-83FF-4A11-B030-F0E0C8C75E5D}.Release|Any CPU.Build.0 = Release|Any CPU
		{2B9B193C-83FF-4A11-B030-F0E0C8C75E5D}.Release|Any CPU.Deploy.0 = Release|Any CPU
		{2B9B193C-83FF-4A11-B030-F0E0C8C75E5D}.Release|ARM.ActiveCfg = Release|ARM
		{2B9B193C-83FF-4A11-B030-F0E0C8C75E5D}.Release|ARM.Build.0 = Release|ARM
		{2B9B193C-83FF-4A11-B030-F0E0C8C75E5D}.Release|ARM.Deploy.0 = Release|ARM
		{2B9B193C-83FF-4A11-B030-F0E0C8C75E5D}.Release|x64.ActiveCfg = Release|x64
		{2B9B193C-83FF-4A11-B030-F0E0C8C75E5D}.Release|x64.Build.0 = Release|x64
		{2B9B193C-83FF-4A11-B030-F0E0C8C75E5D}.Release|x64.Deploy.0 = Release|x64
		{2B9B193C-83FF-4A11-B030-F0E0C8C75E5D}.Release|x86.ActiveCfg = Release|x86
		{2B9B193C-83FF-4A11-B030-F0E0C8C75E5D}.Release|x86.Build.0 = Release|x86
		{2B9B193C-83FF-4A11-B030-F0E0C8C75E5D}.Release|x86.Deploy.0 = Release|x86
		{405F4762-B972-437C-9B95-6D6FFF5B9770}.Debug|Any CPU.ActiveCfg = Debug|Any CPU
		{405F4762-B972-437C-9B95-6D6FFF5B9770}.Debug|Any CPU.Build.0 = Debug|Any CPU
		{405F4762-B972-437C-9B95-6D6FFF5B9770}.Debug|ARM.ActiveCfg = Debug|ARM
		{405F4762-B972-437C-9B95-6D6FFF5B9770}.Debug|ARM.Build.0 = Debug|ARM
		{405F4762-B972-437C-9B95-6D6FFF5B9770}.Debug|x64.ActiveCfg = Debug|x64
		{405F4762-B972-437C-9B95-6D6FFF5B9770}.Debug|x64.Build.0 = Debug|x64
		{405F4762-B972-437C-9B95-6D6FFF5B9770}.Debug|x86.ActiveCfg = Debug|x86
		{405F4762-B972-437C-9B95-6D6FFF5B9770}.Debug|x86.Build.0 = Debug|x86
		{405F4762-B972-437C-9B95-6D6FFF5B9770}.Release|Any CPU.ActiveCfg = Release|Any CPU
		{405F4762-B972-437C-9B95-6D6FFF5B9770}.Release|Any CPU.Build.0 = Release|Any CPU
		{405F4762-B972-437C-9B95-6D6FFF5B9770}.Release|ARM.ActiveCfg = Release|ARM
		{405F4762-B972-437C-9B95-6D6FFF5B9770}.Release|ARM.Build.0 = Release|ARM
		{405F4762-B972-437C-9B95-6D6FFF5B9770}.Release|x64.ActiveCfg = Release|x64
		{405F4762-B972-437C-9B95-6D6FFF5B9770}.Release|x64.Build.0 = Release|x64
		{405F4762-B972-437C-9B95-6D6FFF5B9770}.Release|x86.ActiveCfg = Release|x86
		{405F4762-B972-437C-9B95-6D6FFF5B9770}.Release|x86.Build.0 = Release|x86
		{E12643FF-D475-4199-B627-1131311C8B22}.Debug|Any CPU.ActiveCfg = Debug|Any CPU
		{E12643FF-D475-4199-B627-1131311C8B22}.Debug|Any CPU.Build.0 = Debug|Any CPU
		{E12643FF-D475-4199-B627-1131311C8B22}.Debug|ARM.ActiveCfg = Debug|ARM
		{E12643FF-D475-4199-B627-1131311C8B22}.Debug|ARM.Build.0 = Debug|ARM
		{E12643FF-D475-4199-B627-1131311C8B22}.Debug|x64.ActiveCfg = Debug|x64
		{E12643FF-D475-4199-B627-1131311C8B22}.Debug|x64.Build.0 = Debug|x64
		{E12643FF-D475-4199-B627-1131311C8B22}.Debug|x86.ActiveCfg = Debug|x86
		{E12643FF-D475-4199-B627-1131311C8B22}.Debug|x86.Build.0 = Debug|x86
		{E12643FF-D475-4199-B627-1131311C8B22}.Release|Any CPU.ActiveCfg = Release|Any CPU
		{E12643FF-D475-4199-B627-1131311C8B22}.Release|Any CPU.Build.0 = Release|Any CPU
		{E12643FF-D475-4199-B627-1131311C8B22}.Release|ARM.ActiveCfg = Release|ARM
		{E12643FF-D475-4199-B627-1131311C8B22}.Release|ARM.Build.0 = Release|ARM
		{E12643FF-D475-4199-B627-1131311C8B22}.Release|x64.ActiveCfg = Release|x64
		{E12643FF-D475-4199-B627-1131311C8B22}.Release|x64.Build.0 = Release|x64
		{E12643FF-D475-4199-B627-1131311C8B22}.Release|x86.ActiveCfg = Release|x86
		{E12643FF-D475-4199-B627-1131311C8B22}.Release|x86.Build.0 = Release|x86
	EndGlobalSection
	GlobalSection(SolutionProperties) = preSolution
		HideSolutionNode = FALSE
	EndGlobalSection
EndGlobal
